
Microsoft Visual Studio Solution File, Format Version 12.00
# Visual Studio Version 17
VisualStudioVersion = 17.4.33205.214
MinimumVisualStudioVersion = 10.0.40219.1
Project("{FAE04EC0-301F-11D3-BF4B-00C04F79EFBC}") = "project3", "project3.csproj", "{032834CC-A134-4180-8133-64D9BD27EE5D}"
EndProject
Global
	GlobalSection(SolutionConfigurationPlatforms) = preSolution
		Debug|Any CPU = Debug|Any CPU
		Release|Any CPU = Release|Any CPU
	EndGlobalSection
	GlobalSection(ProjectConfigurationPlatforms) = postSolution
		{032834CC-A134-4180-8133-64D9BD27EE5D}.Debug|Any CPU.ActiveCfg = Debug|Any CPU
		{032834CC-A134-4180-8133-64D9BD27EE5D}.Debug|Any CPU.Build.0 = Debug|Any CPU
		{032834CC-A134-4180-8133-64D9BD27EE5D}.Release|Any CPU.ActiveCfg = Release|Any CPU
		{032834CC-A134-4180-8133-64D9BD27EE5D}.Release|Any CPU.Build.0 = Release|Any CPU
	EndGlobalSection
	GlobalSection(SolutionProperties) = preSolution
		HideSolutionNode = FALSE
	EndGlobalSection
	GlobalSection(ExtensibilityGlobals) = postSolution
		SolutionGuid = {5383BDFE-4124-41B4-9555-BF9116A58680}
	EndGlobalSection
EndGlobal
